memo = "9e75e32e546b091b12606e0cbafb234a8fae6a9002460c91cf86b335408a8596"

[[projects]]
  branch = "master"
  name = "github.com/go-telegram-bot-api/telegram-bot-api"
  packages = ["."]
  revision = "13c54dc548f7ca692fe434d4b7cac072b0de0e0b"

[[projects]]
  branch = "master"
  name = "github.com/technoweenie/multipartstreamer"
  packages = ["."]
  revision = "a90a01d73ae432e2611d178c18367fbaa13e0154"

[[projects]]
  branch = "master"
  name = "github.com/yanzay/bstools"
  packages = ["."]
  revision = "e63d8abaa63997b1dbeeed3649995863c87d6923"

[[projects]]
  branch = "master"
  name = "github.com/yanzay/log"
  packages = ["."]
  revision = "87352bb235060cca8427c8f9fdd68c83b38ba461"

[[projects]]
  branch = "master"
  name = "github.com/yanzay/tbot"
  packages = [".","internal/adapter","model"]
  revision = "7899020a3b6e3fde905ee750592f369a867c61d7"
